
Microsoft Visual Studio Solution File, Format Version 12.00
# Visual Studio Version 17
VisualStudioVersion = 17.4.33205.214
MinimumVisualStudioVersion = 10.0.40219.1
Project("{9A19103F-16F7-4668-BE54-9A1E7A4F7556}") = "PreferenceSystem", "PreferenceSystem.csproj", "{08CF8391-604B-4DF9-ABB8-24361BF4B9D9}"
EndProject
Global
	GlobalSection(SolutionConfigurationPlatforms) = preSolution
		Debug|Any CPU = Debug|Any CPU
		Release|Any CPU = Release|Any CPU
	EndGlobalSection
	GlobalSection(ProjectConfigurationPlatforms) = postSolution
		{08CF8391-604B-4DF9-ABB8-24361BF4B9D9}.Debug|Any CPU.ActiveCfg = Debug|Any CPU
		{08CF8391-604B-4DF9-ABB8-24361BF4B9D9}.Debug|Any CPU.Build.0 = Debug|Any CPU
		{08CF8391-604B-4DF9-ABB8-24361BF4B9D9}.Release|Any CPU.ActiveCfg = Release|Any CPU
		{08CF8391-604B-4DF9-ABB8-24361BF4B9D9}.Release|Any CPU.Build.0 = Release|Any CPU
	EndGlobalSection
	GlobalSection(SolutionProperties) = preSolution
		HideSolutionNode = FALSE
	EndGlobalSection
	GlobalSection(ExtensibilityGlobals) = postSolution
		SolutionGuid = {7AA66FB2-264C-4159-9ADB-4B01C31B29A1}
	EndGlobalSection
EndGlobal
